// !$*UTF8*$!
{
	archiveVersion = 1;
	classes = {
	};
	objectVersion = 46;
	objects = {

/* Begin PBXBuildFile section */
		06EEFF4AE72C3660D2C4D051 /* include_juce_audio_devices.mm */ = {isa = PBXBuildFile; fileRef = 55DE1180C13148462FA42327; };
		0AFB3527382BA37B7224E26F /* Assets */ = {isa = PBXBuildFile; fileRef = 304A522DC86CF161680F695B; };
		0F2053E9E2DF05E51513A7D7 /* include_juce_graphics.mm */ = {isa = PBXBuildFile; fileRef = 99A79D11A6AEC9EA9C7BC72A; };
		1DA3F3EA5F67D2C25A679974 /* CoreImage.framework */ = {isa = PBXBuildFile; fileRef = 12F15F07FD25D6C22A237878; };
		1DB6A0E8505C0482287E8A7A /* CoreText.framework */ = {isa = PBXBuildFile; fileRef = A304FF1F9E15B2DB3084951D; };
		297A6B0274DF3E4442298783 /* include_juce_audio_formats.mm */ = {isa = PBXBuildFile; fileRef = CADBA3A67F690B29E15B9FCB; };
		2B9DCFA19AEF8F6E7E4EC1F6 /* include_juce_gui_extra.mm */ = {isa = PBXBuildFile; fileRef = 5B949834293A656199270436; };
		2C4B2F9D7659CB2E620356E7 /* CoreAudioKit.framework */ = {isa = PBXBuildFile; fileRef = CD9B061475DC5A8AB1A5B6DA; };
		35827C79BD2CFC4EAD8AFAEF /* Main.cpp */ = {isa = PBXBuildFile; fileRef = D4BCAEBD64C3BC3A40991C53; };
		3C06899A4B32A0E0D3336D7E /* include_juce_audio_utils.mm */ = {isa = PBXBuildFile; fileRef = 6DBE140EF8E2AEC0487B2253; };
		3D124A8FCD698D620AF95A45 /* Foundation.framework */ = {isa = PBXBuildFile; fileRef = 94BD91773DD2B898F2BF47CF; };
		3EAD89F5249C976EA875A82A /* CoreGraphics.framework */ = {isa = PBXBuildFile; fileRef = 20E61906BAB31916CA8630B3; };
		42BF99A99269DCB37468402A /* Accelerate.framework */ = {isa = PBXBuildFile; fileRef = 97C005F4618234B312277A83; };
		586A4C9AD077FEF64F19D2A1 /* UIKit.framework */ = {isa = PBXBuildFile; fileRef = FE295866A012886EB0A5D68D; };
		5B90B46315A5BBDF9BD97772 /* CoreMIDI.framework */ = {isa = PBXBuildFile; fileRef = C5A766574EB8BEF8EB4975F2; };
		5E89F67B611C65AA0BDA9C94 /* include_juce_events.mm */ = {isa = PBXBuildFile; fileRef = C23F05170CD1047B4058478D; };
		7B74596601385AFA91BEE8EC /* include_juce_core.mm */ = {isa = PBXBuildFile; fileRef = 32AEE14EC79D3FE665EF3218; };
		7F7C6E01159983B9E760DF47 /* include_juce_data_structures.mm */ = {isa = PBXBuildFile; fileRef = 361F02547784E8979D3D47ED; };
		825F6F9FC03F09319AC8F2C7 /* include_juce_audio_processors.mm */ = {isa = PBXBuildFile; fileRef = 1A12C4F419139A02A9977779; };
		9EF2115A13516DEFCB5ABDBD /* AudioToolbox.framework */ = {isa = PBXBuildFile; fileRef = 20FFFEEE0935A3E95E9EC67C; };
		AE79FA180E45CE9D925E9CAF /* include_juce_audio_basics.mm */ = {isa = PBXBuildFile; fileRef = 5F6004313975E47656B04AE3; };
		B8BCBDCAD9E7EE91D985C8A7 /* AVFoundation.framework */ = {isa = PBXBuildFile; fileRef = F57565F2F3B7945C2049D35B; };
		BF3730D76B6DC48C6F1347EF /* CoreServices.framework */ = {isa = PBXBuildFile; fileRef = EA474150BE943EC10FA21AFD; };
		C0260D303E4A36EFF584FD3F /* QuartzCore.framework */ = {isa = PBXBuildFile; fileRef = 960B639148D72E5DD447A4F3; };
		CA494B6D4C0155B2E451410F /* LaunchScreen.storyboard */ = {isa = PBXBuildFile; fileRef = FBB964CFDE34D8078E4137F2; };
		CF4FC8A3D061BDDD344B4B2C /* WebKit.framework */ = {isa = PBXBuildFile; fileRef = 468A39E3D50C8698BBFBA9C7; };
		DD61CF8A3F71AA47FE603565 /* CoreAudio.framework */ = {isa = PBXBuildFile; fileRef = D11667BFF48441C6AD80556F; };
		E104537AB88082B3F01500C2 /* Images.xcassets */ = {isa = PBXBuildFile; fileRef = 72E37EC429B4ADD978834BE0; };
		E1B46C7FE1FA9E03CAF50870 /* App */ = {isa = PBXBuildFile; fileRef = 802B3D134F66EB53E72C71C7; };
		F66E0D6EEB1327E2D0C2DDBC /* include_juce_gui_basics.mm */ = {isa = PBXBuildFile; fileRef = A7A56B156ED4D15852BE4970; };
/* End PBXBuildFile section */

/* Begin PBXFileReference section */
		065396B3292BC3629C61E827 /* AudioLiveScrollingDisplay.h */ /* AudioLiveScrollingDisplay.h */ = {isa = PBXFileReference; lastKnownFileType = sourcecode.c.h; name = AudioLiveScrollingDisplay.h; path = ../../Source/AudioLiveScrollingDisplay.h; sourceTree = SOURCE_ROOT; };
		12F15F07FD25D6C22A237878 /* CoreImage.framework */ /* CoreImage.framework */ = {isa = PBXFileReference; lastKnownFileType = wrapper.framework; name = CoreImage.framework; path = System/Library/Frameworks/CoreImage.framework; sourceTree = SDKROOT; };
		1A12C4F419139A02A9977779 /* include_juce_audio_processors.mm */ /* include_juce_audio_processors.mm */ = {isa = PBXFileReference; lastKnownFileType = sourcecode.cpp.objcpp; name = include_juce_audio_processors.mm; path = ../../JuceLibraryCode/include_juce_audio_processors.mm; sourceTree = SOURCE_ROOT; };
		20E61906BAB31916CA8630B3 /* CoreGraphics.framework */ /* CoreGraphics.framework */ = {isa = PBXFileReference; lastKnownFileType = wrapper.framework; name = CoreGraphics.framework; path = System/Library/Frameworks/CoreGraphics.framework; sourceTree = SDKROOT; };
		20FFFEEE0935A3E95E9EC67C /* AudioToolbox.framework */ /* AudioToolbox.framework */ = {isa = PBXFileReference; lastKnownFileType = wrapper.framework; name = AudioToolbox.framework; path = System/Library/Frameworks/AudioToolbox.framework; sourceTree = SDKROOT; };
		2E9D09A177F11A03F197B0EA /* juce_audio_utils */ /* juce_audio_utils */ = {isa = PBXFileReference; lastKnownFileType = folder; name = juce_audio_utils; path = "~/JUCE/modules/juce_audio_utils"; sourceTree = "<absolute>"; };
		304A522DC86CF161680F695B /* Assets */ /* Assets */ = {isa = PBXFileReference; lastKnownFileType = folder; name = Assets; path = /Users/nolan/JUCE/examples/Assets; sourceTree = "<group>"; };
		31DE1E9EF9DF8F10540920AE /* juce_audio_formats */ /* juce_audio_formats */ = {isa = PBXFileReference; lastKnownFileType = folder; name = juce_audio_formats; path = "~/JUCE/modules/juce_audio_formats"; sourceTree = "<absolute>"; };
		32AEE14EC79D3FE665EF3218 /* include_juce_core.mm */ /* include_juce_core.mm */ = {isa = PBXFileReference; lastKnownFileType = sourcecode.cpp.objcpp; name = include_juce_core.mm; path = ../../JuceLibraryCode/include_juce_core.mm; sourceTree = SOURCE_ROOT; };
		361F02547784E8979D3D47ED /* include_juce_data_structures.mm */ /* include_juce_data_structures.mm */ = {isa = PBXFileReference; lastKnownFileType = sourcecode.cpp.objcpp; name = include_juce_data_structures.mm; path = ../../JuceLibraryCode/include_juce_data_structures.mm; sourceTree = SOURCE_ROOT; };
		468A39E3D50C8698BBFBA9C7 /* WebKit.framework */ /* WebKit.framework */ = {isa = PBXFileReference; lastKnownFileType = wrapper.framework; name = WebKit.framework; path = System/Library/Frameworks/WebKit.framework; sourceTree = SDKROOT; };
		55B9F37EC7031BDE2D385D23 /* DemoUtilities.h */ /* DemoUtilities.h */ = {isa = PBXFileReference; lastKnownFileType = sourcecode.c.h; name = DemoUtilities.h; path = ../../Source/DemoUtilities.h; sourceTree = SOURCE_ROOT; };
		55DE1180C13148462FA42327 /* include_juce_audio_devices.mm */ /* include_juce_audio_devices.mm */ = {isa = PBXFileReference; lastKnownFileType = sourcecode.cpp.objcpp; name = include_juce_audio_devices.mm; path = ../../JuceLibraryCode/include_juce_audio_devices.mm; sourceTree = SOURCE_ROOT; };
		575299ED4B1E1A0298AAA6B5 /* juce_gui_extra */ /* juce_gui_extra */ = {isa = PBXFileReference; lastKnownFileType = folder; name = juce_gui_extra; path = "~/JUCE/modules/juce_gui_extra"; sourceTree = "<absolute>"; };
		5794DC6793EE7FD9F551FAE8 /* juce_audio_devices */ /* juce_audio_devices */ = {isa = PBXFileReference; lastKnownFileType = folder; name = juce_audio_devices; path = "~/JUCE/modules/juce_audio_devices"; sourceTree = "<absolute>"; };
		5B949834293A656199270436 /* include_juce_gui_extra.mm */ /* include_juce_gui_extra.mm */ = {isa = PBXFileReference; lastKnownFileType = sourcecode.cpp.objcpp; name = include_juce_gui_extra.mm; path = ../../JuceLibraryCode/include_juce_gui_extra.mm; sourceTree = SOURCE_ROOT; };
		5F6004313975E47656B04AE3 /* include_juce_audio_basics.mm */ /* include_juce_audio_basics.mm */ = {isa = PBXFileReference; lastKnownFileType = sourcecode.cpp.objcpp; name = include_juce_audio_basics.mm; path = ../../JuceLibraryCode/include_juce_audio_basics.mm; sourceTree = SOURCE_ROOT; };
		6DBE140EF8E2AEC0487B2253 /* include_juce_audio_utils.mm */ /* include_juce_audio_utils.mm */ = {isa = PBXFileReference; lastKnownFileType = sourcecode.cpp.objcpp; name = include_juce_audio_utils.mm; path = ../../JuceLibraryCode/include_juce_audio_utils.mm; sourceTree = SOURCE_ROOT; };
		72E37EC429B4ADD978834BE0 /* Images.xcassets */ /* Images.xcassets */ = {isa = PBXFileReference; lastKnownFileType = folder.assetcatalog; name = Images.xcassets; path = AudioRecordingDemo/Images.xcassets; sourceTree = SOURCE_ROOT; };
		7F006A89434D267DEB7AF81B /* juce_core */ /* juce_core */ = {isa = PBXFileReference; lastKnownFileType = folder; name = juce_core; path = "~/JUCE/modules/juce_core"; sourceTree = "<absolute>"; };
		802B3D134F66EB53E72C71C7 /* App */ = {isa = PBXFileReference; explicitFileType = wrapper.application; includeInIndex = 0; path = AudioRecordingDemo.app; sourceTree = BUILT_PRODUCTS_DIR; };
		83C9A442E9C004DD93A5AC26 /* juce_graphics */ /* juce_graphics */ = {isa = PBXFileReference; lastKnownFileType = folder; name = juce_graphics; path = "~/JUCE/modules/juce_graphics"; sourceTree = "<absolute>"; };
		94BD91773DD2B898F2BF47CF /* Foundation.framework */ /* Foundation.framework */ = {isa = PBXFileReference; lastKnownFileType = wrapper.framework; name = Foundation.framework; path = System/Library/Frameworks/Foundation.framework; sourceTree = SDKROOT; };
		960B639148D72E5DD447A4F3 /* QuartzCore.framework */ /* QuartzCore.framework */ = {isa = PBXFileReference; lastKnownFileType = wrapper.framework; name = QuartzCore.framework; path = System/Library/Frameworks/QuartzCore.framework; sourceTree = SDKROOT; };
		97C005F4618234B312277A83 /* Accelerate.framework */ /* Accelerate.framework */ = {isa = PBXFileReference; lastKnownFileType = wrapper.framework; name = Accelerate.framework; path = System/Library/Frameworks/Accelerate.framework; sourceTree = SDKROOT; };
		99A79D11A6AEC9EA9C7BC72A /* include_juce_graphics.mm */ /* include_juce_graphics.mm */ = {isa = PBXFileReference; lastKnownFileType = sourcecode.cpp.objcpp; name = include_juce_graphics.mm; path = ../../JuceLibraryCode/include_juce_graphics.mm; sourceTree = SOURCE_ROOT; };
		A304FF1F9E15B2DB3084951D /* CoreText.framework */ /* CoreText.framework */ = {isa = PBXFileReference; lastKnownFileType = wrapper.framework; name = CoreText.framework; path = System/Library/Frameworks/CoreText.framework; sourceTree = SDKROOT; };
		A7A56B156ED4D15852BE4970 /* include_juce_gui_basics.mm */ /* include_juce_gui_basics.mm */ = {isa = PBXFileReference; lastKnownFileType = sourcecode.cpp.objcpp; name = include_juce_gui_basics.mm; path = ../../JuceLibraryCode/include_juce_gui_basics.mm; sourceTree = SOURCE_ROOT; };
		A8888DFAA1213B588DBE1AF0 /* juce_gui_basics */ /* juce_gui_basics */ = {isa = PBXFileReference; lastKnownFileType = folder; name = juce_gui_basics; path = "~/JUCE/modules/juce_gui_basics"; sourceTree = "<absolute>"; };
		AB4584867D27CED6E0D82E48 /* juce_audio_basics */ /* juce_audio_basics */ = {isa = PBXFileReference; lastKnownFileType = folder; name = juce_audio_basics; path = "~/JUCE/modules/juce_audio_basics"; sourceTree = "<absolute>"; };
		C23F05170CD1047B4058478D /* include_juce_events.mm */ /* include_juce_events.mm */ = {isa = PBXFileReference; lastKnownFileType = sourcecode.cpp.objcpp; name = include_juce_events.mm; path = ../../JuceLibraryCode/include_juce_events.mm; sourceTree = SOURCE_ROOT; };
		C383B8AD2163F7D06962707E /* juce_data_structures */ /* juce_data_structures */ = {isa = PBXFileReference; lastKnownFileType = folder; name = juce_data_structures; path = "~/JUCE/modules/juce_data_structures"; sourceTree = "<absolute>"; };
		C5A766574EB8BEF8EB4975F2 /* CoreMIDI.framework */ /* CoreMIDI.framework */ = {isa = PBXFileReference; lastKnownFileType = wrapper.framework; name = CoreMIDI.framework; path = System/Library/Frameworks/CoreMIDI.framework; sourceTree = SDKROOT; };
		C66A8752BCB825C53FF898D5 /* JuceHeader.h */ /* JuceHeader.h */ = {isa = PBXFileReference; lastKnownFileType = sourcecode.c.h; name = JuceHeader.h; path = ../../JuceLibraryCode/JuceHeader.h; sourceTree = SOURCE_ROOT; };
		CADBA3A67F690B29E15B9FCB /* include_juce_audio_formats.mm */ /* include_juce_audio_formats.mm */ = {isa = PBXFileReference; lastKnownFileType = sourcecode.cpp.objcpp; name = include_juce_audio_formats.mm; path = ../../JuceLibraryCode/include_juce_audio_formats.mm; sourceTree = SOURCE_ROOT; };
		CD9B061475DC5A8AB1A5B6DA /* CoreAudioKit.framework */ /* CoreAudioKit.framework */ = {isa = PBXFileReference; lastKnownFileType = wrapper.framework; name = CoreAudioKit.framework; path = System/Library/Frameworks/CoreAudioKit.framework; sourceTree = SDKROOT; };
		CE23BF782D0981C3341473E5 /* AudioRecordingDemo.h */ /* AudioRecordingDemo.h */ = {isa = PBXFileReference; lastKnownFileType = sourcecode.c.h; name = AudioRecordingDemo.h; path = ../../Source/AudioRecordingDemo.h; sourceTree = SOURCE_ROOT; };
		D11667BFF48441C6AD80556F /* CoreAudio.framework */ /* CoreAudio.framework */ = {isa = PBXFileReference; lastKnownFileType = wrapper.framework; name = CoreAudio.framework; path = System/Library/Frameworks/CoreAudio.framework; sourceTree = SDKROOT; };
		D4BCAEBD64C3BC3A40991C53 /* Main.cpp */ /* Main.cpp */ = {isa = PBXFileReference; lastKnownFileType = sourcecode.cpp.cpp; name = Main.cpp; path = ../../Source/Main.cpp; sourceTree = SOURCE_ROOT; };
		E08508D7F49B9CBAF9797010 /* Info-App.plist */ /* Info-App.plist */ = {isa = PBXFileReference; lastKnownFileType = text.plist.xml; name = "Info-App.plist"; path = "Info-App.plist"; sourceTree = SOURCE_ROOT; };
		EA474150BE943EC10FA21AFD /* CoreServices.framework */ /* CoreServices.framework */ = {isa = PBXFileReference; lastKnownFileType = wrapper.framework; name = CoreServices.framework; path = System/Library/Frameworks/CoreServices.framework; sourceTree = SDKROOT; };
		EFF09A9D203D5A8106E385D5 /* juce_audio_processors */ /* juce_audio_processors */ = {isa = PBXFileReference; lastKnownFileType = folder; name = juce_audio_processors; path = "~/JUCE/modules/juce_audio_processors"; sourceTree = "<absolute>"; };
		F57565F2F3B7945C2049D35B /* AVFoundation.framework */ /* AVFoundation.framework */ = {isa = PBXFileReference; lastKnownFileType = wrapper.framework; name = AVFoundation.framework; path = System/Library/Frameworks/AVFoundation.framework; sourceTree = SDKROOT; };
		FBB964CFDE34D8078E4137F2 /* LaunchScreen.storyboard */ /* LaunchScreen.storyboard */ = {isa = PBXFileReference; lastKnownFileType = file.storyboard; name = LaunchScreen.storyboard; path = LaunchScreen.storyboard; sourceTree = SOURCE_ROOT; };
		FE295866A012886EB0A5D68D /* UIKit.framework */ /* UIKit.framework */ = {isa = PBXFileReference; lastKnownFileType = wrapper.framework; name = UIKit.framework; path = System/Library/Frameworks/UIKit.framework; sourceTree = SDKROOT; };
		FFDF9B82FCB97E242867051E /* juce_events */ /* juce_events */ = {isa = PBXFileReference; lastKnownFileType = folder; name = juce_events; path = "~/JUCE/modules/juce_events"; sourceTree = "<absolute>"; };
/* End PBXFileReference section */

/* Begin PBXFrameworksBuildPhase section */
		1757926DB2E529BC681DAD82 = {
			isa = PBXFrameworksBuildPhase;
			buildActionMask = 2147483647;
			files = (
				42BF99A99269DCB37468402A,
				9EF2115A13516DEFCB5ABDBD,
				B8BCBDCAD9E7EE91D985C8A7,
				DD61CF8A3F71AA47FE603565,
				2C4B2F9D7659CB2E620356E7,
				3EAD89F5249C976EA875A82A,
				1DA3F3EA5F67D2C25A679974,
				5B90B46315A5BBDF9BD97772,
				BF3730D76B6DC48C6F1347EF,
				1DB6A0E8505C0482287E8A7A,
				3D124A8FCD698D620AF95A45,
				C0260D303E4A36EFF584FD3F,
				586A4C9AD077FEF64F19D2A1,
				CF4FC8A3D061BDDD344B4B2C,
			);
			runOnlyForDeploymentPostprocessing = 0;
		};
/* End PBXFrameworksBuildPhase section */

/* Begin PBXGroup section */
		007EA5649AA3AC0057A719AF /* JUCE Modules */ = {
			isa = PBXGroup;
			children = (
				AB4584867D27CED6E0D82E48,
				5794DC6793EE7FD9F551FAE8,
				31DE1E9EF9DF8F10540920AE,
				EFF09A9D203D5A8106E385D5,
				2E9D09A177F11A03F197B0EA,
				7F006A89434D267DEB7AF81B,
				C383B8AD2163F7D06962707E,
				FFDF9B82FCB97E242867051E,
				83C9A442E9C004DD93A5AC26,
				A8888DFAA1213B588DBE1AF0,
				575299ED4B1E1A0298AAA6B5,
			);
			name = "JUCE Modules";
			sourceTree = "<group>";
		};
		0A77911667C5239E35B8A2CA /* AudioRecordingDemo */ = {
			isa = PBXGroup;
			children = (
				B23D71B4101D94863D1D6B6D,
				AE9EA40920420112E05646F7,
			);
			name = AudioRecordingDemo;
			sourceTree = "<group>";
		};
		2A777330C9099E7D3F0A5365 /* Products */ = {
			isa = PBXGroup;
			children = (
				802B3D134F66EB53E72C71C7,
			);
			name = Products;
			sourceTree = "<group>";
		};
		663D42F8BF6F6D9165F15D7A /* JUCE Library Code */ = {
			isa = PBXGroup;
			children = (
				5F6004313975E47656B04AE3,
				55DE1180C13148462FA42327,
				CADBA3A67F690B29E15B9FCB,
				1A12C4F419139A02A9977779,
				6DBE140EF8E2AEC0487B2253,
				32AEE14EC79D3FE665EF3218,
				361F02547784E8979D3D47ED,
				C23F05170CD1047B4058478D,
				99A79D11A6AEC9EA9C7BC72A,
				A7A56B156ED4D15852BE4970,
				5B949834293A656199270436,
				C66A8752BCB825C53FF898D5,
			);
			name = "JUCE Library Code";
			sourceTree = "<group>";
		};
		6AFA082B51A22954475ED3FC /* Source */ = {
			isa = PBXGroup;
			children = (
				0A77911667C5239E35B8A2CA,
				007EA5649AA3AC0057A719AF,
				663D42F8BF6F6D9165F15D7A,
				B46FE65ED6E243AB5DC299E6,
				7EB2228E7B7E5BF48F569FA9,
				2A777330C9099E7D3F0A5365,
			);
			name = Source;
			sourceTree = "<group>";
		};
		7EB2228E7B7E5BF48F569FA9 /* Frameworks */ = {
			isa = PBXGroup;
			children = (
				97C005F4618234B312277A83,
				20FFFEEE0935A3E95E9EC67C,
				F57565F2F3B7945C2049D35B,
				D11667BFF48441C6AD80556F,
				CD9B061475DC5A8AB1A5B6DA,
				20E61906BAB31916CA8630B3,
				12F15F07FD25D6C22A237878,
				C5A766574EB8BEF8EB4975F2,
				EA474150BE943EC10FA21AFD,
				A304FF1F9E15B2DB3084951D,
				94BD91773DD2B898F2BF47CF,
				960B639148D72E5DD447A4F3,
				FE295866A012886EB0A5D68D,
				468A39E3D50C8698BBFBA9C7,
			);
			name = Frameworks;
			sourceTree = "<group>";
		};
		AE9EA40920420112E05646F7 /* Assets */ = {
			isa = PBXGroup;
			children = (
				55B9F37EC7031BDE2D385D23,
				065396B3292BC3629C61E827,
			);
			name = Assets;
			sourceTree = "<group>";
		};
		B23D71B4101D94863D1D6B6D /* Source */ = {
			isa = PBXGroup;
			children = (
				D4BCAEBD64C3BC3A40991C53,
				CE23BF782D0981C3341473E5,
			);
			name = Source;
			sourceTree = "<group>";
		};
		B46FE65ED6E243AB5DC299E6 /* Resources */ = {
			isa = PBXGroup;
			children = (
				304A522DC86CF161680F695B,
				E08508D7F49B9CBAF9797010,
				72E37EC429B4ADD978834BE0,
				FBB964CFDE34D8078E4137F2,
			);
			name = Resources;
			sourceTree = "<group>";
		};
/* End PBXGroup section */

/* Begin PBXNativeTarget section */
		C6568414B3BA6017F0D7BBCB /* AudioRecordingDemo - App */ = {
			isa = PBXNativeTarget;
			buildConfigurationList = 6C7E3781174D820161847AC3;
			buildPhases = (
				12428945E9313335E1E3CD51,
				36384E11989A3CBCE177D5FF,
				1757926DB2E529BC681DAD82,
			);
			buildRules = (
			);
			dependencies = (
			);
			name = "AudioRecordingDemo - App";
			productName = AudioRecordingDemo;
			productReference = 802B3D134F66EB53E72C71C7;
			productType = "com.apple.product-type.application";
		};
/* End PBXNativeTarget section */

/* Begin PBXProject section */
		377EDD3063555B9417E998EA = {
			isa = PBXProject;
			attributes = {
				LastUpgradeCheck = 1240;
				ORGANIZATIONNAME = "JUCE";
				TargetAttributes = {
					C6568414B3BA6017F0D7BBCB = {
						SystemCapabilities = {
							com.apple.ApplicationGroups.iOS = {
								enabled = 0;
							};
							com.apple.HardenedRuntime = {
								enabled = 0;
							};
							com.apple.InAppPurchase = {
								enabled = 0;
							};
							com.apple.InterAppAudio = {
								enabled = 0;
							};
							com.apple.Push = {
								enabled = 0;
							};
							com.apple.Sandbox = {
								enabled = 0;
							};
						};
					};
				};
			};
			buildConfigurationList = AF14AE6B1B6A8BE5510F048D;
			compatibilityVersion = "Xcode 3.2";
			hasScannedForEncodings = 0;
			knownRegions = (
				en,
				Base,
			);
			mainGroup = 6AFA082B51A22954475ED3FC;
			projectDirPath = "";
			projectRoot = "";
			targets = (
				C6568414B3BA6017F0D7BBCB,
			);
		};
/* End PBXProject section */

/* Begin PBXResourcesBuildPhase section */
		12428945E9313335E1E3CD51 = {
			isa = PBXResourcesBuildPhase;
			buildActionMask = 2147483647;
			files = (
				0AFB3527382BA37B7224E26F,
				E104537AB88082B3F01500C2,
				CA494B6D4C0155B2E451410F,
			);
			runOnlyForDeploymentPostprocessing = 0;
		};
/* End PBXResourcesBuildPhase section */

/* Begin PBXSourcesBuildPhase section */
		36384E11989A3CBCE177D5FF = {
			isa = PBXSourcesBuildPhase;
			buildActionMask = 2147483647;
			files = (
				35827C79BD2CFC4EAD8AFAEF,
				AE79FA180E45CE9D925E9CAF,
				06EEFF4AE72C3660D2C4D051,
				297A6B0274DF3E4442298783,
				825F6F9FC03F09319AC8F2C7,
				3C06899A4B32A0E0D3336D7E,
				7B74596601385AFA91BEE8EC,
				7F7C6E01159983B9E760DF47,
				5E89F67B611C65AA0BDA9C94,
				0F2053E9E2DF05E51513A7D7,
				F66E0D6EEB1327E2D0C2DDBC,
				2B9DCFA19AEF8F6E7E4EC1F6,
			);
			runOnlyForDeploymentPostprocessing = 0;
		};
/* End PBXSourcesBuildPhase section */

/* Begin XCBuildConfiguration section */
		27E3ABF1F11631FF289A28AF /* Debug */ = {
			isa = XCBuildConfiguration;
			buildSettings = {
				"CODE_SIGN_IDENTITY[sdk=iphoneos*]" = "";
				ALWAYS_SEARCH_USER_PATHS = NO;
				CLANG_ENABLE_OBJC_WEAK = YES;
				CLANG_WARN_BLOCK_CAPTURE_AUTORELEASING = YES;
				CLANG_WARN_BOOL_CONVERSION = YES;
				CLANG_WARN_COMMA = YES;
				CLANG_WARN_CONSTANT_CONVERSION = YES;
				CLANG_WARN_DEPRECATED_OBJC_IMPLEMENTATIONS = YES;
				CLANG_WARN_EMPTY_BODY = YES;
				CLANG_WARN_ENUM_CONVERSION = YES;
				CLANG_WARN_INFINITE_RECURSION = YES;
				CLANG_WARN_INT_CONVERSION = YES;
				CLANG_WARN_NON_LITERAL_NULL_CONVERSION = YES;
				CLANG_WARN_OBJC_IMPLICIT_RETAIN_SELF = YES;
				CLANG_WARN_OBJC_LITERAL_CONVERSION = YES;
				CLANG_WARN_RANGE_LOOP_ANALYSIS = YES;
				CLANG_WARN_STRICT_PROTOTYPES = YES;
				CLANG_WARN_SUSPICIOUS_MOVE = YES;
				CLANG_WARN_UNREACHABLE_CODE = YES;
				CLANG_WARN__DUPLICATE_METHOD_MATCH = YES;
				DEBUG_INFORMATION_FORMAT = dwarf;
				ENABLE_STRICT_OBJC_MSGSEND = YES;
				ENABLE_TESTABILITY = NO;
				GCC_C_LANGUAGE_STANDARD = c11;
				GCC_INLINES_ARE_PRIVATE_EXTERN = YES;
				GCC_MODEL_TUNING = G5;
				GCC_NO_COMMON_BLOCKS = YES;
				GCC_SYMBOLS_PRIVATE_EXTERN = YES;
				GCC_WARN_64_TO_32_BIT_CONVERSION = YES;
				GCC_WARN_ABOUT_RETURN_TYPE = YES;
				GCC_WARN_CHECK_SWITCH_STATEMENTS = YES;
				GCC_WARN_MISSING_PARENTHESES = YES;
				GCC_WARN_NON_VIRTUAL_DESTRUCTOR = YES;
				GCC_WARN_TYPECHECK_CALLS_TO_PRINTF = YES;
				GCC_WARN_UNDECLARED_SELECTOR = YES;
				GCC_WARN_UNINITIALIZED_AUTOS = YES;
				GCC_WARN_UNUSED_FUNCTION = YES;
				GCC_WARN_UNUSED_VARIABLE = YES;
				IPHONEOS_DEPLOYMENT_TARGET = 9.3;
				ONLY_ACTIVE_ARCH = YES;
				PRODUCT_NAME = "AudioRecordingDemo";
				SDKROOT = iphoneos;
				TARGETED_DEVICE_FAMILY = "1,2";
				WARNING_CFLAGS = "-Wreorder";
				ZERO_LINK = NO;
			};
			name = Debug;
		};
		A64A2ED9A9703008FBA7DE28 /* Release */ = {
			isa = XCBuildConfiguration;
			buildSettings = {
				"CODE_SIGN_IDENTITY[sdk=iphoneos*]" = "";
				ASSETCATALOG_COMPILER_APPICON_NAME = AppIcon;
				CLANG_CXX_LANGUAGE_STANDARD = "c++14";
				CLANG_CXX_LIBRARY = "libc++";
				CLANG_LINK_OBJC_RUNTIME = NO;
				COMBINE_HIDPI_IMAGES = YES;
				CONFIGURATION_BUILD_DIR = "$(PROJECT_DIR)/build/$(CONFIGURATION)";
				DEAD_CODE_STRIPPING = YES;
				GCC_GENERATE_DEBUGGING_SYMBOLS = NO;
				GCC_OPTIMIZATION_LEVEL = 3;
				GCC_PREPROCESSOR_DEFINITIONS = (
					"_NDEBUG=1",
					"NDEBUG=1",
					"JUCE_CONTENT_SHARING=1",
					"JUCE_DISPLAY_SPLASH_SCREEN=1",
					"JUCE_USE_DARK_SPLASH_SCREEN=1",
					"JUCE_PROJUCER_VERSION=0x60008",
					"JUCE_MODULE_AVAILABLE_juce_audio_basics=1",
					"JUCE_MODULE_AVAILABLE_juce_audio_devices=1",
					"JUCE_MODULE_AVAILABLE_juce_audio_formats=1",
					"JUCE_MODULE_AVAILABLE_juce_audio_processors=1",
					"JUCE_MODULE_AVAILABLE_juce_audio_utils=1",
					"JUCE_MODULE_AVAILABLE_juce_core=1",
					"JUCE_MODULE_AVAILABLE_juce_data_structures=1",
					"JUCE_MODULE_AVAILABLE_juce_events=1",
					"JUCE_MODULE_AVAILABLE_juce_graphics=1",
					"JUCE_MODULE_AVAILABLE_juce_gui_basics=1",
					"JUCE_MODULE_AVAILABLE_juce_gui_extra=1",
					"JUCE_GLOBAL_MODULE_SETTINGS_INCLUDED=1",
					"JUCE_STRICT_REFCOUNTEDPOINTER=1",
					"JUCE_STANDALONE_APPLICATION=1",
					"PIP_JUCE_EXAMPLES_DIRECTORY=L1VzZXJzL25vbGFuL0pVQ0UvZXhhbXBsZXM=",
					"JUCER_XCODE_IPHONE_5BC26AE3=1",
					"JUCE_APP_VERSION=1.0.0",
					"JUCE_APP_VERSION_HEX=0x10000",
					"JucePlugin_Build_VST=0",
					"JucePlugin_Build_VST3=0",
					"JucePlugin_Build_AU=0",
					"JucePlugin_Build_AUv3=0",
					"JucePlugin_Build_RTAS=0",
					"JucePlugin_Build_AAX=0",
					"JucePlugin_Build_Standalone=0",
					"JucePlugin_Build_Unity=0",
				);
				GCC_VERSION = com.apple.compilers.llvm.clang.1_0;
				HEADER_SEARCH_PATHS = (
					"$(SRCROOT)/../../JuceLibraryCode",
					"$(HOME)/JUCE/modules",
					"$(inherited)",
				);
				INFOPLIST_FILE = Info-App.plist;
				INFOPLIST_PREPROCESS = NO;
				INSTALL_PATH = "$(HOME)/Applications";
				LLVM_LTO = YES;
				MTL_HEADER_SEARCH_PATHS = "$(SRCROOT)/../../JuceLibraryCode $(HOME)/JUCE/modules";
				PRODUCT_BUNDLE_IDENTIFIER = com.JUCE.AudioRecordingDemo;
				PRODUCT_NAME = "AudioRecordingDemo";
				USE_HEADERMAP = NO;
			};
			name = Release;
		};
		AE9191231AB103C9DBEF291C /* Release */ = {
			isa = XCBuildConfiguration;
			buildSettings = {
				"CODE_SIGN_IDENTITY[sdk=iphoneos*]" = "";
				ALWAYS_SEARCH_USER_PATHS = NO;
				CLANG_ENABLE_OBJC_WEAK = YES;
				CLANG_WARN_BLOCK_CAPTURE_AUTORELEASING = YES;
				CLANG_WARN_BOOL_CONVERSION = YES;
				CLANG_WARN_COMMA = YES;
				CLANG_WARN_CONSTANT_CONVERSION = YES;
				CLANG_WARN_DEPRECATED_OBJC_IMPLEMENTATIONS = YES;
				CLANG_WARN_EMPTY_BODY = YES;
				CLANG_WARN_ENUM_CONVERSION = YES;
				CLANG_WARN_INFINITE_RECURSION = YES;
				CLANG_WARN_INT_CONVERSION = YES;
				CLANG_WARN_NON_LITERAL_NULL_CONVERSION = YES;
				CLANG_WARN_OBJC_IMPLICIT_RETAIN_SELF = YES;
				CLANG_WARN_OBJC_LITERAL_CONVERSION = YES;
				CLANG_WARN_RANGE_LOOP_ANALYSIS = YES;
				CLANG_WARN_STRICT_PROTOTYPES = YES;
				CLANG_WARN_SUSPICIOUS_MOVE = YES;
				CLANG_WARN_UNREACHABLE_CODE = YES;
				CLANG_WARN__DUPLICATE_METHOD_MATCH = YES;
				DEBUG_INFORMATION_FORMAT = dwarf;
				ENABLE_STRICT_OBJC_MSGSEND = YES;
				ENABLE_TESTABILITY = NO;
				GCC_C_LANGUAGE_STANDARD = c11;
				GCC_INLINES_ARE_PRIVATE_EXTERN = YES;
				GCC_MODEL_TUNING = G5;
				GCC_NO_COMMON_BLOCKS = YES;
				GCC_SYMBOLS_PRIVATE_EXTERN = YES;
				GCC_WARN_64_TO_32_BIT_CONVERSION = YES;
				GCC_WARN_ABOUT_RETURN_TYPE = YES;
				GCC_WARN_CHECK_SWITCH_STATEMENTS = YES;
				GCC_WARN_MISSING_PARENTHESES = YES;
				GCC_WARN_NON_VIRTUAL_DESTRUCTOR = YES;
				GCC_WARN_TYPECHECK_CALLS_TO_PRINTF = YES;
				GCC_WARN_UNDECLARED_SELECTOR = YES;
				GCC_WARN_UNINITIALIZED_AUTOS = YES;
				GCC_WARN_UNUSED_FUNCTION = YES;
				GCC_WARN_UNUSED_VARIABLE = YES;
				IPHONEOS_DEPLOYMENT_TARGET = 9.3;
				PRODUCT_NAME = "AudioRecordingDemo";
				SDKROOT = iphoneos;
				TARGETED_DEVICE_FAMILY = "1,2";
				WARNING_CFLAGS = "-Wreorder";
				ZERO_LINK = NO;
			};
			name = Release;
		};
		BCF15ABC65A69F544CC00E17 /* Debug */ = {
			isa = XCBuildConfiguration;
			buildSettings = {
				"CODE_SIGN_IDENTITY[sdk=iphoneos*]" = "";
				ASSETCATALOG_COMPILER_APPICON_NAME = AppIcon;
				CLANG_CXX_LANGUAGE_STANDARD = "c++14";
				CLANG_CXX_LIBRARY = "libc++";
				CLANG_LINK_OBJC_RUNTIME = NO;
				COMBINE_HIDPI_IMAGES = YES;
				CONFIGURATION_BUILD_DIR = "$(PROJECT_DIR)/build/$(CONFIGURATION)";
				COPY_PHASE_STRIP = NO;
				GCC_DYNAMIC_NO_PIC = NO;
				GCC_OPTIMIZATION_LEVEL = 0;
				GCC_PREPROCESSOR_DEFINITIONS = (
					"_DEBUG=1",
					"DEBUG=1",
					"JUCE_CONTENT_SHARING=1",
					"JUCE_DISPLAY_SPLASH_SCREEN=1",
					"JUCE_USE_DARK_SPLASH_SCREEN=1",
					"JUCE_PROJUCER_VERSION=0x60008",
					"JUCE_MODULE_AVAILABLE_juce_audio_basics=1",
					"JUCE_MODULE_AVAILABLE_juce_audio_devices=1",
					"JUCE_MODULE_AVAILABLE_juce_audio_formats=1",
					"JUCE_MODULE_AVAILABLE_juce_audio_processors=1",
					"JUCE_MODULE_AVAILABLE_juce_audio_utils=1",
					"JUCE_MODULE_AVAILABLE_juce_core=1",
					"JUCE_MODULE_AVAILABLE_juce_data_structures=1",
					"JUCE_MODULE_AVAILABLE_juce_events=1",
					"JUCE_MODULE_AVAILABLE_juce_graphics=1",
					"JUCE_MODULE_AVAILABLE_juce_gui_basics=1",
					"JUCE_MODULE_AVAILABLE_juce_gui_extra=1",
					"JUCE_GLOBAL_MODULE_SETTINGS_INCLUDED=1",
					"JUCE_STRICT_REFCOUNTEDPOINTER=1",
					"JUCE_STANDALONE_APPLICATION=1",
					"PIP_JUCE_EXAMPLES_DIRECTORY=L1VzZXJzL25vbGFuL0pVQ0UvZXhhbXBsZXM=",
					"JUCER_XCODE_IPHONE_5BC26AE3=1",
					"JUCE_APP_VERSION=1.0.0",
					"JUCE_APP_VERSION_HEX=0x10000",
					"JucePlugin_Build_VST=0",
					"JucePlugin_Build_VST3=0",
					"JucePlugin_Build_AU=0",
					"JucePlugin_Build_AUv3=0",
					"JucePlugin_Build_RTAS=0",
					"JucePlugin_Build_AAX=0",
					"JucePlugin_Build_Standalone=0",
					"JucePlugin_Build_Unity=0",
				);
				GCC_VERSION = com.apple.compilers.llvm.clang.1_0;
				HEADER_SEARCH_PATHS = (
					"$(SRCROOT)/../../JuceLibraryCode",
					"$(HOME)/JUCE/modules",
					"$(inherited)",
				);
				INFOPLIST_FILE = Info-App.plist;
				INFOPLIST_PREPROCESS = NO;
				INSTALL_PATH = "$(HOME)/Applications";
				MTL_HEADER_SEARCH_PATHS = "$(SRCROOT)/../../JuceLibraryCode $(HOME)/JUCE/modules";
				PRODUCT_BUNDLE_IDENTIFIER = com.JUCE.AudioRecordingDemo;
				PRODUCT_NAME = "AudioRecordingDemo";
				USE_HEADERMAP = NO;
			};
			name = Debug;
		};
/* End XCBuildConfiguration section */

/* Begin XCConfigurationList section */
		6C7E3781174D820161847AC3 = {
			isa = XCConfigurationList;
			buildConfigurations = (
				BCF15ABC65A69F544CC00E17,
				A64A2ED9A9703008FBA7DE28,
			);
			defaultConfigurationIsVisible = 0;
			defaultConfigurationName = Debug;
		};
		AF14AE6B1B6A8BE5510F048D = {
			isa = XCConfigurationList;
			buildConfigurations = (
				27E3ABF1F11631FF289A28AF,
				AE9191231AB103C9DBEF291C,
			);
			defaultConfigurationIsVisible = 0;
			defaultConfigurationName = Debug;
		};
/* End XCConfigurationList section */
	};
	rootObject = 377EDD3063555B9417E998EA /* Project object */;
}
